
Microsoft Visual Studio Solution File, Format Version 12.00
# Visual Studio Version 16
VisualStudioVersion = 16.0.29709.97
MinimumVisualStudioVersion = 10.0.40219.1
Project("{FAE04EC0-301F-11D3-BF4B-00C04F79EFBC}") = "WheatherApp", "WheatherApp\WheatherApp.csproj", "{2306734D-D9B5-4C95-ADBA-166F5DD8F5F5}"
EndProject
Project("{2150E333-8FDC-42A3-9474-1A3956D46DE8}") = "lib", "lib", "{0AC3AF8B-D3CA-4F70-B292-870FB131AB55}"
EndProject
Project("{FAE04EC0-301F-11D3-BF4B-00C04F79EFBC}") = "WeatherApp.Model", "WeatherApp.Model\WeatherApp.Model.csproj", "{BFECEFE0-CEBA-488B-990D-99DFB74A4BFE}"
EndProject
Project("{FAE04EC0-301F-11D3-BF4B-00C04F79EFBC}") = "WeatherApp.Test", "WeatherApp.Test\WeatherApp.Test.csproj", "{A0012D26-C9E2-4D7B-8FB3-D8B1DD8B686D}"
EndProject
Global
	GlobalSection(SolutionConfigurationPlatforms) = preSolution
		Debug|Any CPU = Debug|Any CPU
		Release|Any CPU = Release|Any CPU
	EndGlobalSection
	GlobalSection(ProjectConfigurationPlatforms) = postSolution
		{2306734D-D9B5-4C95-ADBA-166F5DD8F5F5}.Debug|Any CPU.ActiveCfg = Debug|Any CPU
		{2306734D-D9B5-4C95-ADBA-166F5DD8F5F5}.Debug|Any CPU.Build.0 = Debug|Any CPU
		{2306734D-D9B5-4C95-ADBA-166F5DD8F5F5}.Release|Any CPU.ActiveCfg = Release|Any CPU
		{2306734D-D9B5-4C95-ADBA-166F5DD8F5F5}.Release|Any CPU.Build.0 = Release|Any CPU
		{BFECEFE0-CEBA-488B-990D-99DFB74A4BFE}.Debug|Any CPU.ActiveCfg = Debug|Any CPU
		{BFECEFE0-CEBA-488B-990D-99DFB74A4BFE}.Debug|Any CPU.Build.0 = Debug|Any CPU
		{BFECEFE0-CEBA-488B-990D-99DFB74A4BFE}.Release|Any CPU.ActiveCfg = Release|Any CPU
		{BFECEFE0-CEBA-488B-990D-99DFB74A4BFE}.Release|Any CPU.Build.0 = Release|Any CPU
		{A0012D26-C9E2-4D7B-8FB3-D8B1DD8B686D}.Debug|Any CPU.ActiveCfg = Debug|Any CPU
		{A0012D26-C9E2-4D7B-8FB3-D8B1DD8B686D}.Debug|Any CPU.Build.0 = Debug|Any CPU
		{A0012D26-C9E2-4D7B-8FB3-D8B1DD8B686D}.Release|Any CPU.ActiveCfg = Release|Any CPU
		{A0012D26-C9E2-4D7B-8FB3-D8B1DD8B686D}.Release|Any CPU.Build.0 = Release|Any CPU
	EndGlobalSection
	GlobalSection(SolutionProperties) = preSolution
		HideSolutionNode = FALSE
	EndGlobalSection
	GlobalSection(NestedProjects) = preSolution
		{BFECEFE0-CEBA-488B-990D-99DFB74A4BFE} = {0AC3AF8B-D3CA-4F70-B292-870FB131AB55}
		{A0012D26-C9E2-4D7B-8FB3-D8B1DD8B686D} = {0AC3AF8B-D3CA-4F70-B292-870FB131AB55}
	EndGlobalSection
	GlobalSection(ExtensibilityGlobals) = postSolution
		SolutionGuid = {09201675-07CD-45D9-AB85-916A93B02F7B}
	EndGlobalSection
EndGlobal
